// !$*UTF8*$!
{
	archiveVersion = 1;
	classes = {
	};
	objectVersion = 77;
	objects = {

/* Begin PBXContainerItemProxy section */
		027F80442DF982BA0008FA74 /* PBXContainerItemProxy */ = {
			isa = PBXContainerItemProxy;
			containerPortal = 027F80252DF982B50008FA74 /* Project object */;
			proxyType = 1;
			remoteGlobalIDString = 027F802C2DF982B50008FA74;
			remoteInfo = "demo gallery 1";
		};
		027F804E2DF982BA0008FA74 /* PBXContainerItemProxy */ = {
			isa = PBXContainerItemProxy;
			containerPortal = 027F80252DF982B50008FA74 /* Project object */;
			proxyType = 1;
			remoteGlobalIDString = 027F802C2DF982B50008FA74;
			remoteInfo = "demo gallery 1";
		};
/* End PBXContainerItemProxy section */

/* Begin PBXFileReference section */
		027F802D2DF982B50008FA74 /* demo gallery 1.app */ = {isa = PBXFileReference; explicitFileType = wrapper.application; includeInIndex = 0; path = "demo gallery 1.app"; sourceTree = BUILT_PRODUCTS_DIR; };
		027F80432DF982BA0008FA74 /* demo gallery 1Tests.xctest */ = {isa = PBXFileReference; explicitFileType = wrapper.cfbundle; includeInIndex = 0; path = "demo gallery 1Tests.xctest"; sourceTree = BUILT_PRODUCTS_DIR; };
		027F804D2DF982BA0008FA74 /* demo gallery 1UITests.xctest */ = {isa = PBXFileReference; explicitFileType = wrapper.cfbundle; includeInIndex = 0; path = "demo gallery 1UITests.xctest"; sourceTree = BUILT_PRODUCTS_DIR; };
/* End PBXFileReference section */

/* Begin PBXFileSystemSynchronizedBuildFileExceptionSet section */
		027F80552DF982BA0008FA74 /* Exceptions for "demo gallery 1" folder in "demo gallery 1" target */ = {
			isa = PBXFileSystemSynchronizedBuildFileExceptionSet;
			membershipExceptions = (
				Info.plist,
			);
			target = 027F802C2DF982B50008FA74 /* demo gallery 1 */;
		};
/* End PBXFileSystemSynchronizedBuildFileExceptionSet section */

/* Begin PBXFileSystemSynchronizedRootGroup section */
		027F802F2DF982B50008FA74 /* demo gallery 1 */ = {
			isa = PBXFileSystemSynchronizedRootGroup;
			exceptions = (
				027F80552DF982BA0008FA74 /* Exceptions for "demo gallery 1" folder in "demo gallery 1" target */,
			);
			path = "demo gallery 1";
			sourceTree = "<group>";
		};
		027F80462DF982BA0008FA74 /* demo gallery 1Tests */ = {
			isa = PBXFileSystemSynchronizedRootGroup;
			path = "demo gallery 1Tests";
			sourceTree = "<group>";
		};
		027F80502DF982BA0008FA74 /* demo gallery 1UITests */ = {
			isa = PBXFileSystemSynchronizedRootGroup;
			path = "demo gallery 1UITests";
			sourceTree = "<group>";
		};
/* End PBXFileSystemSynchronizedRootGroup section */

/* Begin PBXFrameworksBuildPhase section */
		027F802A2DF982B50008FA74 /* Frameworks */ = {
			isa = PBXFrameworksBuildPhase;
			buildActionMask = 2147483647;
			files = (
			);
			runOnlyForDeploymentPostprocessing = 0;
		};
		027F80402DF982BA0008FA74 /* Frameworks */ = {
			isa = PBXFrameworksBuildPhase;
			buildActionMask = 2147483647;
			files = (
			);
			runOnlyForDeploymentPostprocessing = 0;
		};
		027F804A2DF982BA0008FA74 /* Frameworks */ = {
			isa = PBXFrameworksBuildPhase;
			buildActionMask = 2147483647;
			files = (
			);
			runOnlyForDeploymentPostprocessing = 0;
		};
/* End PBXFrameworksBuildPhase section */

/* Begin PBXGroup section */
		027F80242DF982B50008FA74 = {
			isa = PBXGroup;
			children = (
				027F802F2DF982B50008FA74 /* demo gallery 1 */,
				027F80462DF982BA0008FA74 /* demo gallery 1Tests */,
				027F80502DF982BA0008FA74 /* demo gallery 1UITests */,
				027F802E2DF982B50008FA74 /* Products */,
			);
			sourceTree = "<group>";
		};
		027F802E2DF982B50008FA74 /* Products */ = {
			isa = PBXGroup;
			children = (
				027F802D2DF982B50008FA74 /* demo gallery 1.app */,
				027F80432DF982BA0008FA74 /* demo gallery 1Tests.xctest */,
				027F804D2DF982BA0008FA74 /* demo gallery 1UITests.xctest */,
			);
			name = Products;
			sourceTree = "<group>";
		};
/* End PBXGroup section */

/* Begin PBXNativeTarget section */
		027F802C2DF982B50008FA74 /* demo gallery 1 */ = {
			isa = PBXNativeTarget;
			buildConfigurationList = 027F80562DF982BA0008FA74 /* Build configuration list for PBXNativeTarget "demo gallery 1" */;
			buildPhases = (
				027F80292DF982B50008FA74 /* Sources */,
				027F802A2DF982B50008FA74 /* Frameworks */,
				027F802B2DF982B50008FA74 /* Resources */,
			);
			buildRules = (
			);
			dependencies = (
			);
			fileSystemSynchronizedGroups = (
				027F802F2DF982B50008FA74 /* demo gallery 1 */,
			);
			name = "demo gallery 1";
			packageProductDependencies = (
			);
			productName = "demo gallery 1";
			productReference = 027F802D2DF982B50008FA74 /* demo gallery 1.app */;
			productType = "com.apple.product-type.application";
		};
		027F80422DF982BA0008FA74 /* demo gallery 1Tests */ = {
			isa = PBXNativeTarget;
			buildConfigurationList = 027F805B2DF982BA0008FA74 /* Build configuration list for PBXNativeTarget "demo gallery 1Tests" */;
			buildPhases = (
				027F803F2DF982BA0008FA74 /* Sources */,
				027F80402DF982BA0008FA74 /* Frameworks */,
				027F80412DF982BA0008FA74 /* Resources */,
			);
			buildRules = (
			);
			dependencies = (
				027F80452DF982BA0008FA74 /* PBXTargetDependency */,
			);
			fileSystemSynchronizedGroups = (
				027F80462DF982BA0008FA74 /* demo gallery 1Tests */,
			);
			name = "demo gallery 1Tests";
			packageProductDependencies = (
			);
			productName = "demo gallery 1Tests";
			productReference = 027F80432DF982BA0008FA74 /* demo gallery 1Tests.xctest */;
			productType = "com.apple.product-type.bundle.unit-test";
		};
		027F804C2DF982BA0008FA74 /* demo gallery 1UITests */ = {
			isa = PBXNativeTarget;
			buildConfigurationList = 027F805E2DF982BA0008FA74 /* Build configuration list for PBXNativeTarget "demo gallery 1UITests" */;
			buildPhases = (
				027F80492DF982BA0008FA74 /* Sources */,
				027F804A2DF982BA0008FA74 /* Frameworks */,
				027F804B2DF982BA0008FA74 /* Resources */,
			);
			buildRules = (
			);
			dependencies = (
				027F804F2DF982BA0008FA74 /* PBXTargetDependency */,
			);
			fileSystemSynchronizedGroups = (
				027F80502DF982BA0008FA74 /* demo gallery 1UITests */,
			);
			name = "demo gallery 1UITests";
			packageProductDependencies = (
			);
			productName = "demo gallery 1UITests";
			productReference = 027F804D2DF982BA0008FA74 /* demo gallery 1UITests.xctest */;
			productType = "com.apple.product-type.bundle.ui-testing";
		};
/* End PBXNativeTarget section */

/* Begin PBXProject section */
		027F80252DF982B50008FA74 /* Project object */ = {
			isa = PBXProject;
			attributes = {
				BuildIndependentTargetsInParallel = 1;
				LastSwiftUpdateCheck = 1630;
				LastUpgradeCheck = 1630;
				TargetAttributes = {
					027F802C2DF982B50008FA74 = {
						CreatedOnToolsVersion = 16.3;
					};
					027F80422DF982BA0008FA74 = {
						CreatedOnToolsVersion = 16.3;
						TestTargetID = 027F802C2DF982B50008FA74;
					};
					027F804C2DF982BA0008FA74 = {
						CreatedOnToolsVersion = 16.3;
						TestTargetID = 027F802C2DF982B50008FA74;
					};
				};
			};
			buildConfigurationList = 027F80282DF982B50008FA74 /* Build configuration list for PBXProject "demo gallery 1" */;
			developmentRegion = en;
			hasScannedForEncodings = 0;
			knownRegions = (
				en,
				Base,
			);
			mainGroup = 027F80242DF982B50008FA74;
			minimizedProjectReferenceProxies = 1;
			preferredProjectObjectVersion = 77;
			productRefGroup = 027F802E2DF982B50008FA74 /* Products */;
			projectDirPath = "";
			projectRoot = "";
			targets = (
				027F802C2DF982B50008FA74 /* demo gallery 1 */,
				027F80422DF982BA0008FA74 /* demo gallery 1Tests */,
				027F804C2DF982BA0008FA74 /* demo gallery 1UITests */,
			);
		};
/* End PBXProject section */

/* Begin PBXResourcesBuildPhase section */
		027F802B2DF982B50008FA74 /* Resources */ = {
			isa = PBXResourcesBuildPhase;
			buildActionMask = 2147483647;
			files = (
			);
			runOnlyForDeploymentPostprocessing = 0;
		};
		027F80412DF982BA0008FA74 /* Resources */ = {
			isa = PBXResourcesBuildPhase;
			buildActionMask = 2147483647;
			files = (
			);
			runOnlyForDeploymentPostprocessing = 0;
		};
		027F804B2DF982BA0008FA74 /* Resources */ = {
			isa = PBXResourcesBuildPhase;
			buildActionMask = 2147483647;
			files = (
			);
			runOnlyForDeploymentPostprocessing = 0;
		};
/* End PBXResourcesBuildPhase section */

/* Begin PBXSourcesBuildPhase section */
		027F80292DF982B50008FA74 /* Sources */ = {
			isa = PBXSourcesBuildPhase;
			buildActionMask = 2147483647;
			files = (
			);
			runOnlyForDeploymentPostprocessing = 0;
		};
		027F803F2DF982BA0008FA74 /* Sources */ = {
			isa = PBXSourcesBuildPhase;
			buildActionMask = 2147483647;
			files = (
			);
			runOnlyForDeploymentPostprocessing = 0;
		};
		027F80492DF982BA0008FA74 /* Sources */ = {
			isa = PBXSourcesBuildPhase;
			buildActionMask = 2147483647;
			files = (
			);
			runOnlyForDeploymentPostprocessing = 0;
		};
/* End PBXSourcesBuildPhase section */

/* Begin PBXTargetDependency section */
		027F80452DF982BA0008FA74 /* PBXTargetDependency */ = {
			isa = PBXTargetDependency;
			target = 027F802C2DF982B50008FA74 /* demo gallery 1 */;
			targetProxy = 027F80442DF982BA0008FA74 /* PBXContainerItemProxy */;
		};
		027F804F2DF982BA0008FA74 /* PBXTargetDependency */ = {
			isa = PBXTargetDependency;
			target = 027F802C2DF982B50008FA74 /* demo gallery 1 */;
			targetProxy = 027F804E2DF982BA0008FA74 /* PBXContainerItemProxy */;
		};
/* End PBXTargetDependency section */

/* Begin XCBuildConfiguration section */
		027F80572DF982BA0008FA74 /* Debug */ = {
			isa = XCBuildConfiguration;
			buildSettings = {
				ASSETCATALOG_COMPILER_APPICON_NAME = AppIcon;
				ASSETCATALOG_COMPILER_GLOBAL_ACCENT_COLOR_NAME = AccentColor;
				CODE_SIGN_STYLE = Automatic;
				CURRENT_PROJECT_VERSION = 1;
				DEVELOPMENT_TEAM = F7TX522F9U;
				GENERATE_INFOPLIST_FILE = YES;
				INFOPLIST_FILE = "demo gallery 1/Info.plist";
				INFOPLIST_KEY_UIApplicationSupportsIndirectInputEvents = YES;
				INFOPLIST_KEY_UILaunchStoryboardName = LaunchScreen;
				INFOPLIST_KEY_UIMainStoryboardFile = Main;
				INFOPLIST_KEY_UISupportedInterfaceOrientations_iPad = "UIInterfaceOrientationPortrait UIInterfaceOrientationPortraitUpsideDown UIInterfaceOrientationLandscapeLeft UIInterfaceOrientationLandscapeRight";
				INFOPLIST_KEY_UISupportedInterfaceOrientations_iPhone = "UIInterfaceOrientationPortrait UIInterfaceOrientationLandscapeLeft UIInterfaceOrientationLandscapeRight";
				LD_RUNPATH_SEARCH_PATHS = (
					"$(inherited)",
					"@executable_path/Frameworks",
				);
				MARKETING_VERSION = 1.0;
				PRODUCT_BUNDLE_IDENTIFIER = "Kamrul.demo-gallery-1";
				PRODUCT_NAME = "$(TARGET_NAME)";
				SWIFT_EMIT_LOC_STRINGS = YES;
				SWIFT_VERSION = 5.0;
				TARGETED_DEVICE_FAMILY = "1,2";
			};
			name = Debug;
		};
		027F80582DF982BA0008FA74 /* Release */ = {
			isa = XCBuildConfiguration;
			buildSettings = {
				ASSETCATALOG_COMPILER_APPICON_NAME = AppIcon;
				ASSETCATALOG_COMPILER_GLOBAL_ACCENT_COLOR_NAME = AccentColor;
				CODE_SIGN_STYLE = Automatic;
				CURRENT_PROJECT_VERSION = 1;
				DEVELOPMENT_TEAM = F7TX522F9U;
				GENERATE_INFOPLIST_FILE = YES;
				INFOPLIST_FILE = "demo gallery 1/Info.plist";
				INFOPLIST_KEY_UIApplicationSupportsIndirectInputEvents = YES;
				INFOPLIST_KEY_UILaunchStoryboardName = LaunchScreen;
				INFOPLIST_KEY_UIMainStoryboardFile = Main;
				INFOPLIST_KEY_UISupportedInterfaceOrientations_iPad = "UIInterfaceOrientationPortrait UIInterfaceOrientationPortraitUpsideDown UIInterfaceOrientationLandscapeLeft UIInterfaceOrientationLandscapeRight";
				INFOPLIST_KEY_UISupportedInterfaceOrientations_iPhone = "UIInterfaceOrientationPortrait UIInterfaceOrientationLandscapeLeft UIInterfaceOrientationLandscapeRight";
				LD_RUNPATH_SEARCH_PATHS = (
					"$(inherited)",
					"@executable_path/Frameworks",
				);
				MARKETING_VERSION = 1.0;
				PRODUCT_BUNDLE_IDENTIFIER = "Kamrul.demo-gallery-1";
				PRODUCT_NAME = "$(TARGET_NAME)";
				SWIFT_EMIT_LOC_STRINGS = YES;
				SWIFT_VERSION = 5.0;
				TARGETED_DEVICE_FAMILY = "1,2";
			};
			name = Release;
		};
		027F80592DF982BA0008FA74 /* Debug */ = {
			isa = XCBuildConfiguration;
			buildSettings = {
				ALWAYS_SEARCH_USER_PATHS = NO;
				ASSETCATALOG_COMPILER_GENERATE_SWIFT_ASSET_SYMBOL_EXTENSIONS = YES;
				CLANG_ANALYZER_NONNULL = YES;
				CLANG_ANALYZER_NUMBER_OBJECT_CONVERSION = YES_AGGRESSIVE;
				CLANG_CXX_LANGUAGE_STANDARD = "gnu++20";
				CLANG_ENABLE_MODULES = YES;
				CLANG_ENABLE_OBJC_ARC = YES;
				CLANG_ENABLE_OBJC_WEAK = YES;
				CLANG_WARN_BLOCK_CAPTURE_AUTORELEASING = YES;
				CLANG_WARN_BOOL_CONVERSION = YES;
				CLANG_WARN_COMMA = YES;
				CLANG_WARN_CONSTANT_CONVERSION = YES;
				CLANG_WARN_DEPRECATED_OBJC_IMPLEMENTATIONS = YES;
				CLANG_WARN_DIRECT_OBJC_ISA_USAGE = YES_ERROR;
				CLANG_WARN_DOCUMENTATION_COMMENTS = YES;
				CLANG_WARN_EMPTY_BODY = YES;
				CLANG_WARN_ENUM_CONVERSION = YES;
				CLANG_WARN_INFINITE_RECURSION = YES;
				CLANG_WARN_INT_CONVERSION = YES;
				CLANG_WARN_NON_LITERAL_NULL_CONVERSION = YES;
				CLANG_WARN_OBJC_IMPLICIT_RETAIN_SELF = YES;
				CLANG_WARN_OBJC_LITERAL_CONVERSION = YES;
				CLANG_WARN_OBJC_ROOT_CLASS = YES_ERROR;
				CLANG_WARN_QUOTED_INCLUDE_IN_FRAMEWORK_HEADER = YES;
				CLANG_WARN_RANGE_LOOP_ANALYSIS = YES;
				CLANG_WARN_STRICT_PROTOTYPES = YES;
				CLANG_WARN_SUSPICIOUS_MOVE = YES;
				CLANG_WARN_UNGUARDED_AVAILABILITY = YES_AGGRESSIVE;
				CLANG_WARN_UNREACHABLE_CODE = YES;
				CLANG_WARN__DUPLICATE_METHOD_MATCH = YES;
				COPY_PHASE_STRIP = NO;
				DEBUG_INFORMATION_FORMAT = dwarf;
				ENABLE_STRICT_OBJC_MSGSEND = YES;
				ENABLE_TESTABILITY = YES;
				ENABLE_USER_SCRIPT_SANDBOXING = YES;
				GCC_C_LANGUAGE_STANDARD = gnu17;
				GCC_DYNAMIC_NO_PIC = NO;
				GCC_NO_COMMON_BLOCKS = YES;
				GCC_OPTIMIZATION_LEVEL = 0;
				GCC_PREPROCESSOR_DEFINITIONS = (
					"DEBUG=1",
					"$(inherited)",
				);
				GCC_WARN_64_TO_32_BIT_CONVERSION = YES;
				GCC_WARN_ABOUT_RETURN_TYPE = YES_ERROR;
				GCC_WARN_UNDECLARED_SELECTOR = YES;
				GCC_WARN_UNINITIALIZED_AUTOS = YES_AGGRESSIVE;
				GCC_WARN_UNUSED_FUNCTION = YES;
				GCC_WARN_UNUSED_VARIABLE = YES;
				IPHONEOS_DEPLOYMENT_TARGET = 18.4;
				LOCALIZATION_PREFERS_STRING_CATALOGS = YES;
				MTL_ENABLE_DEBUG_INFO = INCLUDE_SOURCE;
				MTL_FAST_MATH = YES;
				ONLY_ACTIVE_ARCH = YES;
				SDKROOT = iphoneos;
				SWIFT_ACTIVE_COMPILATION_CONDITIONS = "DEBUG $(inherited)";
				SWIFT_OPTIMIZATION_LEVEL = "-Onone";
			};
			name = Debug;
		};
		027F805A2DF982BA0008FA74 /* Release */ = {
			isa = XCBuildConfiguration;
			buildSettings = {
				ALWAYS_SEARCH_USER_PATHS = NO;
				ASSETCATALOG_COMPILER_GENERATE_SWIFT_ASSET_SYMBOL_EXTENSIONS = YES;
				CLANG_ANALYZER_NONNULL = YES;
				CLANG_ANALYZER_NUMBER_OBJECT_CONVERSION = YES_AGGRESSIVE;
				CLANG_CXX_LANGUAGE_STANDARD = "gnu++20";
				CLANG_ENABLE_MODULES = YES;
				CLANG_ENABLE_OBJC_ARC = YES;
				CLANG_ENABLE_OBJC_WEAK = YES;
				CLANG_WARN_BLOCK_CAPTURE_AUTORELEASING = YES;
				CLANG_WARN_BOOL_CONVERSION = YES;
				CLANG_WARN_COMMA = YES;
				CLANG_WARN_CONSTANT_CONVERSION = YES;
				CLANG_WARN_DEPRECATED_OBJC_IMPLEMENTATIONS = YES;
				CLANG_WARN_DIRECT_OBJC_ISA_USAGE = YES_ERROR;
				CLANG_WARN_DOCUMENTATION_COMMENTS = YES;
				CLANG_WARN_EMPTY_BODY = YES;
				CLANG_WARN_ENUM_CONVERSION = YES;
				CLANG_WARN_INFINITE_RECURSION = YES;
				CLANG_WARN_INT_CONVERSION = YES;
				CLANG_WARN_NON_LITERAL_NULL_CONVERSION = YES;
				CLANG_WARN_OBJC_IMPLICIT_RETAIN_SELF = YES;
				CLANG_WARN_OBJC_LITERAL_CONVERSION = YES;
				CLANG_WARN_OBJC_ROOT_CLASS = YES_ERROR;
				CLANG_WARN_QUOTED_INCLUDE_IN_FRAMEWORK_HEADER = YES;
				CLANG_WARN_RANGE_LOOP_ANALYSIS = YES;
				CLANG_WARN_STRICT_PROTOTYPES = YES;
				CLANG_WARN_SUSPICIOUS_MOVE = YES;
				CLANG_WARN_UNGUARDED_AVAILABILITY = YES_AGGRESSIVE;
				CLANG_WARN_UNREACHABLE_CODE = YES;
				CLANG_WARN__DUPLICATE_METHOD_MATCH = YES;
				COPY_PHASE_STRIP = NO;
				DEBUG_INFORMATION_FORMAT = "dwarf-with-dsym";
				ENABLE_NS_ASSERTIONS = NO;
				ENABLE_STRICT_OBJC_MSGSEND = YES;
				ENABLE_USER_SCRIPT_SANDBOXING = YES;
				GCC_C_LANGUAGE_STANDARD = gnu17;
				GCC_NO_COMMON_BLOCKS = YES;
				GCC_WARN_64_TO_32_BIT_CONVERSION = YES;
				GCC_WARN_ABOUT_RETURN_TYPE = YES_ERROR;
				GCC_WARN_UNDECLARED_SELECTOR = YES;
				GCC_WARN_UNINITIALIZED_AUTOS = YES_AGGRESSIVE;
				GCC_WARN_UNUSED_FUNCTION = YES;
				GCC_WARN_UNUSED_VARIABLE = YES;
				IPHONEOS_DEPLOYMENT_TARGET = 18.4;
				LOCALIZATION_PREFERS_STRING_CATALOGS = YES;
				MTL_ENABLE_DEBUG_INFO = NO;
				MTL_FAST_MATH = YES;
				SDKROOT = iphoneos;
				SWIFT_COMPILATION_MODE = wholemodule;
				VALIDATE_PRODUCT = YES;
			};
			name = Release;
		};
		027F805C2DF982BA0008FA74 /* Debug */ = {
			isa = XCBuildConfiguration;
			buildSettings = {
				BUNDLE_LOADER = "$(TEST_HOST)";
				CODE_SIGN_STYLE = Automatic;
				CURRENT_PROJECT_VERSION = 1;
				GENERATE_INFOPLIST_FILE = YES;
				IPHONEOS_DEPLOYMENT_TARGET = 18.4;
				MARKETING_VERSION = 1.0;
				PRODUCT_BUNDLE_IDENTIFIER = "Kamrul.demo-gallery-1Tests";
				PRODUCT_NAME = "$(TARGET_NAME)";
				SWIFT_EMIT_LOC_STRINGS = NO;
				SWIFT_VERSION = 5.0;
				TARGETED_DEVICE_FAMILY = "1,2";
				TEST_HOST = "$(BUILT_PRODUCTS_DIR)/demo gallery 1.app/$(BUNDLE_EXECUTABLE_FOLDER_PATH)/demo gallery 1";
			};
			name = Debug;
		};
		027F805D2DF982BA0008FA74 /* Release */ = {
			isa = XCBuildConfiguration;
			buildSettings = {
				BUNDLE_LOADER = "$(TEST_HOST)";
				CODE_SIGN_STYLE = Automatic;
				CURRENT_PROJECT_VERSION = 1;
				GENERATE_INFOPLIST_FILE = YES;
				IPHONEOS_DEPLOYMENT_TARGET = 18.4;
				MARKETING_VERSION = 1.0;
				PRODUCT_BUNDLE_IDENTIFIER = "Kamrul.demo-gallery-1Tests";
				PRODUCT_NAME = "$(TARGET_NAME)";
				SWIFT_EMIT_LOC_STRINGS = NO;
				SWIFT_VERSION = 5.0;
				TARGETED_DEVICE_FAMILY = "1,2";
				TEST_HOST = "$(BUILT_PRODUCTS_DIR)/demo gallery 1.app/$(BUNDLE_EXECUTABLE_FOLDER_PATH)/demo gallery 1";
			};
			name = Release;
		};
		027F805F2DF982BA0008FA74 /* Debug */ = {
			isa = XCBuildConfiguration;
			buildSettings = {
				CODE_SIGN_STYLE = Automatic;
				CURRENT_PROJECT_VERSION = 1;
				GENERATE_INFOPLIST_FILE = YES;
				MARKETING_VERSION = 1.0;
				PRODUCT_BUNDLE_IDENTIFIER = "Kamrul.demo-gallery-1UITests";
				PRODUCT_NAME = "$(TARGET_NAME)";
				SWIFT_EMIT_LOC_STRINGS = NO;
				SWIFT_VERSION = 5.0;
				TARGETED_DEVICE_FAMILY = "1,2";
				TEST_TARGET_NAME = "demo gallery 1";
			};
			name = Debug;
		};
		027F80602DF982BA0008FA74 /* Release */ = {
			isa = XCBuildConfiguration;
			buildSettings = {
				CODE_SIGN_STYLE = Automatic;
				CURRENT_PROJECT_VERSION = 1;
				GENERATE_INFOPLIST_FILE = YES;
				MARKETING_VERSION = 1.0;
				PRODUCT_BUNDLE_IDENTIFIER = "Kamrul.demo-gallery-1UITests";
				PRODUCT_NAME = "$(TARGET_NAME)";
				SWIFT_EMIT_LOC_STRINGS = NO;
				SWIFT_VERSION = 5.0;
				TARGETED_DEVICE_FAMILY = "1,2";
				TEST_TARGET_NAME = "demo gallery 1";
			};
			name = Release;
		};
/* End XCBuildConfiguration section */

/* Begin XCConfigurationList section */
		027F80282DF982B50008FA74 /* Build configuration list for PBXProject "demo gallery 1" */ = {
			isa = XCConfigurationList;
			buildConfigurations = (
				027F80592DF982BA0008FA74 /* Debug */,
				027F805A2DF982BA0008FA74 /* Release */,
			);
			defaultConfigurationIsVisible = 0;
			defaultConfigurationName = Release;
		};
		027F80562DF982BA0008FA74 /* Build configuration list for PBXNativeTarget "demo gallery 1" */ = {
			isa = XCConfigurationList;
			buildConfigurations = (
				027F80572DF982BA0008FA74 /* Debug */,
				027F80582DF982BA0008FA74 /* Release */,
			);
			defaultConfigurationIsVisible = 0;
			defaultConfigurationName = Release;
		};
		027F805B2DF982BA0008FA74 /* Build configuration list for PBXNativeTarget "demo gallery 1Tests" */ = {
			isa = XCConfigurationList;
			buildConfigurations = (
				027F805C2DF982BA0008FA74 /* Debug */,
				027F805D2DF982BA0008FA74 /* Release */,
			);
			defaultConfigurationIsVisible = 0;
			defaultConfigurationName = Release;
		};
		027F805E2DF982BA0008FA74 /* Build configuration list for PBXNativeTarget "demo gallery 1UITests" */ = {
			isa = XCConfigurationList;
			buildConfigurations = (
				027F805F2DF982BA0008FA74 /* Debug */,
				027F80602DF982BA0008FA74 /* Release */,
			);
			defaultConfigurationIsVisible = 0;
			defaultConfigurationName = Release;
		};
/* End XCConfigurationList section */
	};
	rootObject = 027F80252DF982B50008FA74 /* Project object */;
}
